
Microsoft Visual Studio Solution File, Format Version 12.00
# Visual Studio Version 16
VisualStudioVersion = 16.0.30717.126
MinimumVisualStudioVersion = 10.0.40219.1
Project("{9A19103F-16F7-4668-BE54-9A1E7A4F7556}") = "Api.Web", "Api.Web\Api.Web.csproj", "{C0AA288F-C8B0-42A2-B6E9-A20CC75443E2}"
EndProject
Project("{9A19103F-16F7-4668-BE54-9A1E7A4F7556}") = "Api.Domain", "Api.Domain\Api.Domain.csproj", "{AED1F00B-4186-4C8A-95D7-1D22C1461926}"
EndProject
Project("{2150E333-8FDC-42A3-9474-1A3956D46DE8}") = "Infrastructure", "Infrastructure", "{808DDE23-E9CF-46FC-A1AF-16C6090CD2F6}"
EndProject
Project("{9A19103F-16F7-4668-BE54-9A1E7A4F7556}") = "Api.MSsql", "Infrastructure\Api.MSsql\Api.MSsql.csproj", "{193CA75C-6266-4DB7-AE79-A3B3653118F9}"
EndProject
Project("{FAE04EC0-301F-11D3-BF4B-00C04F79EFBC}") = "UnitTests", "UnitTests\UnitTests.csproj", "{CDBEC66C-61EB-4C32-B26D-483D46BD020B}"
EndProject
Global
	GlobalSection(SolutionConfigurationPlatforms) = preSolution
		Debug|Any CPU = Debug|Any CPU
		Release|Any CPU = Release|Any CPU
	EndGlobalSection
	GlobalSection(ProjectConfigurationPlatforms) = postSolution
		{C0AA288F-C8B0-42A2-B6E9-A20CC75443E2}.Debug|Any CPU.ActiveCfg = Debug|Any CPU
		{C0AA288F-C8B0-42A2-B6E9-A20CC75443E2}.Debug|Any CPU.Build.0 = Debug|Any CPU
		{C0AA288F-C8B0-42A2-B6E9-A20CC75443E2}.Release|Any CPU.ActiveCfg = Release|Any CPU
		{C0AA288F-C8B0-42A2-B6E9-A20CC75443E2}.Release|Any CPU.Build.0 = Release|Any CPU
		{AED1F00B-4186-4C8A-95D7-1D22C1461926}.Debug|Any CPU.ActiveCfg = Debug|Any CPU
		{AED1F00B-4186-4C8A-95D7-1D22C1461926}.Debug|Any CPU.Build.0 = Debug|Any CPU
		{AED1F00B-4186-4C8A-95D7-1D22C1461926}.Release|Any CPU.ActiveCfg = Release|Any CPU
		{AED1F00B-4186-4C8A-95D7-1D22C1461926}.Release|Any CPU.Build.0 = Release|Any CPU
		{193CA75C-6266-4DB7-AE79-A3B3653118F9}.Debug|Any CPU.ActiveCfg = Debug|Any CPU
		{193CA75C-6266-4DB7-AE79-A3B3653118F9}.Debug|Any CPU.Build.0 = Debug|Any CPU
		{193CA75C-6266-4DB7-AE79-A3B3653118F9}.Release|Any CPU.ActiveCfg = Release|Any CPU
		{193CA75C-6266-4DB7-AE79-A3B3653118F9}.Release|Any CPU.Build.0 = Release|Any CPU
		{CDBEC66C-61EB-4C32-B26D-483D46BD020B}.Debug|Any CPU.ActiveCfg = Debug|Any CPU
		{CDBEC66C-61EB-4C32-B26D-483D46BD020B}.Debug|Any CPU.Build.0 = Debug|Any CPU
		{CDBEC66C-61EB-4C32-B26D-483D46BD020B}.Release|Any CPU.ActiveCfg = Release|Any CPU
		{CDBEC66C-61EB-4C32-B26D-483D46BD020B}.Release|Any CPU.Build.0 = Release|Any CPU
	EndGlobalSection
	GlobalSection(SolutionProperties) = preSolution
		HideSolutionNode = FALSE
	EndGlobalSection
	GlobalSection(NestedProjects) = preSolution
		{193CA75C-6266-4DB7-AE79-A3B3653118F9} = {808DDE23-E9CF-46FC-A1AF-16C6090CD2F6}
	EndGlobalSection
	GlobalSection(ExtensibilityGlobals) = postSolution
		SolutionGuid = {D8FFFC89-CCDD-4A16-8232-12C422D23DF6}
	EndGlobalSection
EndGlobal
